
Microsoft Visual Studio Solution File, Format Version 12.00
Project("{FAE04EC0-301F-11D3-BF4B-00C04F79EFBC}") = "ExampleContext.Domain", "src\ExampleContext.Domain\ExampleContext.Domain.csproj", "{871CF1E7-8344-4824-8D31-637BDBCA46BE}"
EndProject
Project("{FAE04EC0-301F-11D3-BF4B-00C04F79EFBC}") = "ExampleContext.Application", "src\ExampleContext.Application\ExampleContext.Application.csproj", "{EF7A5EDE-2A5F-414F-B413-8479CE001165}"
EndProject
Project("{FAE04EC0-301F-11D3-BF4B-00C04F79EFBC}") = "ExampleContext.Infrastructure", "src\ExampleContext.Infrastructure\ExampleContext.Infrastructure.csproj", "{89A2899C-89DC-432B-B17E-3375D53829E2}"
EndProject
Project("{2150E333-8FDC-42A3-9474-1A3956D46DE8}") = "SolutionFolder", "SolutionFolder", "{56F0CB6A-8CCA-4412-A632-8F9C1D89DF0E}"
ProjectSection(SolutionItems) = preProject
	README.md = README.md
EndProjectSection
EndProject
Project("{2150E333-8FDC-42A3-9474-1A3956D46DE8}") = "src", "src", "{5FACB0C7-3546-43A6-BD36-098463DF52E4}"
EndProject
Project("{2150E333-8FDC-42A3-9474-1A3956D46DE8}") = "Common", "Common", "{3F8396CE-7837-4B25-BDD5-9FB05E0FBF0F}"
EndProject
Project("{2150E333-8FDC-42A3-9474-1A3956D46DE8}") = "ExampleContext", "ExampleContext", "{D9E81828-AE73-4D0D-9093-888B7739DD95}"
EndProject
Project("{FAE04EC0-301F-11D3-BF4B-00C04F79EFBC}") = "Common", "src\Common\Common.csproj", "{7B12CF5E-6A22-483E-A658-4FCBD445279D}"
EndProject
Project("{FAE04EC0-301F-11D3-BF4B-00C04F79EFBC}") = "Common.Application", "src\Common.Application\Common.Application.csproj", "{50757EDE-4A73-416F-91F2-86BA1459A515}"
EndProject
Project("{FAE04EC0-301F-11D3-BF4B-00C04F79EFBC}") = "Common.Domain", "src\Common.Domain\Common.Domain.csproj", "{066B4D77-746B-4DF8-888A-6B7CFD7352ED}"
EndProject
Project("{FAE04EC0-301F-11D3-BF4B-00C04F79EFBC}") = "Common.Infrastructure", "src\Common.Infrastructure\Common.Infrastructure.csproj", "{8D4CEC96-4D36-47EA-A16D-7825096A8344}"
EndProject
Project("{FAE04EC0-301F-11D3-BF4B-00C04F79EFBC}") = "Common.Web", "src\Common.Web\Common.Web.csproj", "{4ED4F4D2-B1C2-48BF-9D3B-9E979DA8BBD3}"
EndProject
Project("{2150E333-8FDC-42A3-9474-1A3956D46DE8}") = "test", "test", "{EB0FFDB3-7BA2-4546-BD86-F6D1A8333752}"
EndProject
Project("{FAE04EC0-301F-11D3-BF4B-00C04F79EFBC}") = "Common.Tests", "test\Common.Tests\Common.Tests.csproj", "{A50F9D2C-2A5A-4280-9767-2EF9C773A308}"
EndProject
Project("{2150E333-8FDC-42A3-9474-1A3956D46DE8}") = "Common", "Common", "{C2718A10-F830-43C1-8034-81535F0C97CE}"
EndProject
Project("{FAE04EC0-301F-11D3-BF4B-00C04F79EFBC}") = "WebAPI", "src\WebAPI\WebAPI.csproj", "{70880B8E-8A0C-4C68-92F8-4116619B1BD0}"
EndProject
Project("{FAE04EC0-301F-11D3-BF4B-00C04F79EFBC}") = "ExampleContext.WebAPI", "src\ExampleContext.WebAPI\ExampleContext.WebAPI.csproj", "{38E620F3-D6DC-4D94-8F26-35D85D4B4C50}"
EndProject
Project("{FAE04EC0-301F-11D3-BF4B-00C04F79EFBC}") = "Common.Domain.Tests", "test\Common.Domain.Tests\Common.Domain.Tests.csproj", "{2D5A6472-A786-498B-8CC6-2A874C6BD29E}"
EndProject
Global
	GlobalSection(SolutionConfigurationPlatforms) = preSolution
		Debug|Any CPU = Debug|Any CPU
		Release|Any CPU = Release|Any CPU
	EndGlobalSection
	GlobalSection(ProjectConfigurationPlatforms) = postSolution
		{871CF1E7-8344-4824-8D31-637BDBCA46BE}.Debug|Any CPU.ActiveCfg = Debug|Any CPU
		{871CF1E7-8344-4824-8D31-637BDBCA46BE}.Debug|Any CPU.Build.0 = Debug|Any CPU
		{871CF1E7-8344-4824-8D31-637BDBCA46BE}.Release|Any CPU.ActiveCfg = Release|Any CPU
		{871CF1E7-8344-4824-8D31-637BDBCA46BE}.Release|Any CPU.Build.0 = Release|Any CPU
		{EF7A5EDE-2A5F-414F-B413-8479CE001165}.Debug|Any CPU.ActiveCfg = Debug|Any CPU
		{EF7A5EDE-2A5F-414F-B413-8479CE001165}.Debug|Any CPU.Build.0 = Debug|Any CPU
		{EF7A5EDE-2A5F-414F-B413-8479CE001165}.Release|Any CPU.ActiveCfg = Release|Any CPU
		{EF7A5EDE-2A5F-414F-B413-8479CE001165}.Release|Any CPU.Build.0 = Release|Any CPU
		{89A2899C-89DC-432B-B17E-3375D53829E2}.Debug|Any CPU.ActiveCfg = Debug|Any CPU
		{89A2899C-89DC-432B-B17E-3375D53829E2}.Debug|Any CPU.Build.0 = Debug|Any CPU
		{89A2899C-89DC-432B-B17E-3375D53829E2}.Release|Any CPU.ActiveCfg = Release|Any CPU
		{89A2899C-89DC-432B-B17E-3375D53829E2}.Release|Any CPU.Build.0 = Release|Any CPU
		{7B12CF5E-6A22-483E-A658-4FCBD445279D}.Debug|Any CPU.ActiveCfg = Debug|Any CPU
		{7B12CF5E-6A22-483E-A658-4FCBD445279D}.Debug|Any CPU.Build.0 = Debug|Any CPU
		{7B12CF5E-6A22-483E-A658-4FCBD445279D}.Release|Any CPU.ActiveCfg = Release|Any CPU
		{7B12CF5E-6A22-483E-A658-4FCBD445279D}.Release|Any CPU.Build.0 = Release|Any CPU
		{50757EDE-4A73-416F-91F2-86BA1459A515}.Debug|Any CPU.ActiveCfg = Debug|Any CPU
		{50757EDE-4A73-416F-91F2-86BA1459A515}.Debug|Any CPU.Build.0 = Debug|Any CPU
		{50757EDE-4A73-416F-91F2-86BA1459A515}.Release|Any CPU.ActiveCfg = Release|Any CPU
		{50757EDE-4A73-416F-91F2-86BA1459A515}.Release|Any CPU.Build.0 = Release|Any CPU
		{066B4D77-746B-4DF8-888A-6B7CFD7352ED}.Debug|Any CPU.ActiveCfg = Debug|Any CPU
		{066B4D77-746B-4DF8-888A-6B7CFD7352ED}.Debug|Any CPU.Build.0 = Debug|Any CPU
		{066B4D77-746B-4DF8-888A-6B7CFD7352ED}.Release|Any CPU.ActiveCfg = Release|Any CPU
		{066B4D77-746B-4DF8-888A-6B7CFD7352ED}.Release|Any CPU.Build.0 = Release|Any CPU
		{8D4CEC96-4D36-47EA-A16D-7825096A8344}.Debug|Any CPU.ActiveCfg = Debug|Any CPU
		{8D4CEC96-4D36-47EA-A16D-7825096A8344}.Debug|Any CPU.Build.0 = Debug|Any CPU
		{8D4CEC96-4D36-47EA-A16D-7825096A8344}.Release|Any CPU.ActiveCfg = Release|Any CPU
		{8D4CEC96-4D36-47EA-A16D-7825096A8344}.Release|Any CPU.Build.0 = Release|Any CPU
		{4ED4F4D2-B1C2-48BF-9D3B-9E979DA8BBD3}.Debug|Any CPU.ActiveCfg = Debug|Any CPU
		{4ED4F4D2-B1C2-48BF-9D3B-9E979DA8BBD3}.Debug|Any CPU.Build.0 = Debug|Any CPU
		{4ED4F4D2-B1C2-48BF-9D3B-9E979DA8BBD3}.Release|Any CPU.ActiveCfg = Release|Any CPU
		{4ED4F4D2-B1C2-48BF-9D3B-9E979DA8BBD3}.Release|Any CPU.Build.0 = Release|Any CPU
		{A50F9D2C-2A5A-4280-9767-2EF9C773A308}.Debug|Any CPU.ActiveCfg = Debug|Any CPU
		{A50F9D2C-2A5A-4280-9767-2EF9C773A308}.Debug|Any CPU.Build.0 = Debug|Any CPU
		{A50F9D2C-2A5A-4280-9767-2EF9C773A308}.Release|Any CPU.ActiveCfg = Release|Any CPU
		{A50F9D2C-2A5A-4280-9767-2EF9C773A308}.Release|Any CPU.Build.0 = Release|Any CPU
		{70880B8E-8A0C-4C68-92F8-4116619B1BD0}.Debug|Any CPU.ActiveCfg = Debug|Any CPU
		{70880B8E-8A0C-4C68-92F8-4116619B1BD0}.Debug|Any CPU.Build.0 = Debug|Any CPU
		{70880B8E-8A0C-4C68-92F8-4116619B1BD0}.Release|Any CPU.ActiveCfg = Release|Any CPU
		{70880B8E-8A0C-4C68-92F8-4116619B1BD0}.Release|Any CPU.Build.0 = Release|Any CPU
		{38E620F3-D6DC-4D94-8F26-35D85D4B4C50}.Debug|Any CPU.ActiveCfg = Debug|Any CPU
		{38E620F3-D6DC-4D94-8F26-35D85D4B4C50}.Debug|Any CPU.Build.0 = Debug|Any CPU
		{38E620F3-D6DC-4D94-8F26-35D85D4B4C50}.Release|Any CPU.ActiveCfg = Release|Any CPU
		{38E620F3-D6DC-4D94-8F26-35D85D4B4C50}.Release|Any CPU.Build.0 = Release|Any CPU
		{2D5A6472-A786-498B-8CC6-2A874C6BD29E}.Debug|Any CPU.ActiveCfg = Debug|Any CPU
		{2D5A6472-A786-498B-8CC6-2A874C6BD29E}.Debug|Any CPU.Build.0 = Debug|Any CPU
		{2D5A6472-A786-498B-8CC6-2A874C6BD29E}.Release|Any CPU.ActiveCfg = Release|Any CPU
		{2D5A6472-A786-498B-8CC6-2A874C6BD29E}.Release|Any CPU.Build.0 = Release|Any CPU
	EndGlobalSection
	GlobalSection(NestedProjects) = preSolution
		{3F8396CE-7837-4B25-BDD5-9FB05E0FBF0F} = {5FACB0C7-3546-43A6-BD36-098463DF52E4}
		{D9E81828-AE73-4D0D-9093-888B7739DD95} = {5FACB0C7-3546-43A6-BD36-098463DF52E4}
		{EF7A5EDE-2A5F-414F-B413-8479CE001165} = {D9E81828-AE73-4D0D-9093-888B7739DD95}
		{871CF1E7-8344-4824-8D31-637BDBCA46BE} = {D9E81828-AE73-4D0D-9093-888B7739DD95}
		{89A2899C-89DC-432B-B17E-3375D53829E2} = {D9E81828-AE73-4D0D-9093-888B7739DD95}
		{7B12CF5E-6A22-483E-A658-4FCBD445279D} = {3F8396CE-7837-4B25-BDD5-9FB05E0FBF0F}
		{50757EDE-4A73-416F-91F2-86BA1459A515} = {3F8396CE-7837-4B25-BDD5-9FB05E0FBF0F}
		{066B4D77-746B-4DF8-888A-6B7CFD7352ED} = {3F8396CE-7837-4B25-BDD5-9FB05E0FBF0F}
		{8D4CEC96-4D36-47EA-A16D-7825096A8344} = {3F8396CE-7837-4B25-BDD5-9FB05E0FBF0F}
		{4ED4F4D2-B1C2-48BF-9D3B-9E979DA8BBD3} = {3F8396CE-7837-4B25-BDD5-9FB05E0FBF0F}
		{C2718A10-F830-43C1-8034-81535F0C97CE} = {EB0FFDB3-7BA2-4546-BD86-F6D1A8333752}
		{A50F9D2C-2A5A-4280-9767-2EF9C773A308} = {C2718A10-F830-43C1-8034-81535F0C97CE}
		{70880B8E-8A0C-4C68-92F8-4116619B1BD0} = {5FACB0C7-3546-43A6-BD36-098463DF52E4}
		{2D5A6472-A786-498B-8CC6-2A874C6BD29E} = {C2718A10-F830-43C1-8034-81535F0C97CE}
		{38E620F3-D6DC-4D94-8F26-35D85D4B4C50} = {D9E81828-AE73-4D0D-9093-888B7739DD95}
	EndGlobalSection
EndGlobal
